{
    "_meta": {
        "hash": {
            "sha256": "7a31797034730369dca4afcdf99082b88062f8ff9274f0d1dc6eecad89c0f9be"
        },
        "pipfile-spec": 6,
        "requires": {
            "python_version": "3.7"
        },
        "sources": [
            {
                "name": "pypi",
                "url": "https://pypi.org/simple",
                "verify_ssl": true
            }
        ]
    },
    "default": {
        "pyenchant": {
            "hashes": [
                "sha256:37c79e1dab492092fe8135222b2ba404c1b79595b459af9edaeddb77a2cb89a5",
                "sha256:49e0b255bef9356f57eeeee1d983ffa8599c0a46727d55cddbc71ec26226ca80",
                "sha256:5e206a1d6596904a922496f6c9f7d0b964b243905f401f5f2f40ea4d1f74e2cf",
                "sha256:e8546c28b630f6d9f76642166656e337df2a1849cbef2b8ee198e7f64266f4ee"
            ],
            "index": "pypi",
            "version": "==3.2.1"
        }
    },
    "develop": {}
}
